// !$*UTF8*$!
{
	archiveVersion = 1;
	classes = {
	};
	objectVersion = 50;
	objects = {

/* Begin PBXBuildFile section */
		625F2D3925241244005F118C /* AppDelegate.swift in Sources */ = {isa = PBXBuildFile; fileRef = 625F2D3825241244005F118C /* AppDelegate.swift */; };
		625F2D3B25241244005F118C /* SceneDelegate.swift in Sources */ = {isa = PBXBuildFile; fileRef = 625F2D3A25241244005F118C /* SceneDelegate.swift */; };
		625F2D3D25241244005F118C /* ViewController.swift in Sources */ = {isa = PBXBuildFile; fileRef = 625F2D3C25241244005F118C /* ViewController.swift */; };
		625F2D4025241244005F118C /* Main.storyboard in Resources */ = {isa = PBXBuildFile; fileRef = 625F2D3E25241244005F118C /* Main.storyboard */; };
		625F2D4225241248005F118C /* Assets.xcassets in Resources */ = {isa = PBXBuildFile; fileRef = 625F2D4125241248005F118C /* Assets.xcassets */; };
		625F2D4525241248005F118C /* LaunchScreen.storyboard in Resources */ = {isa = PBXBuildFile; fileRef = 625F2D4325241248005F118C /* LaunchScreen.storyboard */; };
		62AE90122533FA1B00151909 /* ItemViewController.swift in Sources */ = {isa = PBXBuildFile; fileRef = 62AE90112533FA1B00151909 /* ItemViewController.swift */; };
/* End PBXBuildFile section */

/* Begin PBXFileReference section */
		625F2D3525241244005F118C /* Cubstart-Shopping-List.app */ = {isa = PBXFileReference; explicitFileType = wrapper.application; includeInIndex = 0; path = "Cubstart-Shopping-List.app"; sourceTree = BUILT_PRODUCTS_DIR; };
		625F2D3825241244005F118C /* AppDelegate.swift */ = {isa = PBXFileReference; lastKnownFileType = sourcecode.swift; path = AppDelegate.swift; sourceTree = "<group>"; };
		625F2D3A25241244005F118C /* SceneDelegate.swift */ = {isa = PBXFileReference; lastKnownFileType = sourcecode.swift; path = SceneDelegate.swift; sourceTree = "<group>"; };
		625F2D3C25241244005F118C /* ViewController.swift */ = {isa = PBXFileReference; lastKnownFileType = sourcecode.swift; path = ViewController.swift; sourceTree = "<group>"; };
		625F2D3F25241244005F118C /* Base */ = {isa = PBXFileReference; lastKnownFileType = file.storyboard; name = Base; path = Base.lproj/Main.storyboard; sourceTree = "<group>"; };
		625F2D4125241248005F118C /* Assets.xcassets */ = {isa = PBXFileReference; lastKnownFileType = folder.assetcatalog; path = Assets.xcassets; sourceTree = "<group>"; };
		625F2D4425241248005F118C /* Base */ = {isa = PBXFileReference; lastKnownFileType = file.storyboard; name = Base; path = Base.lproj/LaunchScreen.storyboard; sourceTree = "<group>"; };
		625F2D4625241248005F118C /* Info.plist */ = {isa = PBXFileReference; lastKnownFileType = text.plist.xml; path = Info.plist; sourceTree = "<group>"; };
		62AE90112533FA1B00151909 /* ItemViewController.swift */ = {isa = PBXFileReference; lastKnownFileType = sourcecode.swift; path = ItemViewController.swift; sourceTree = "<group>"; };
/* End PBXFileReference section */

/* Begin PBXFrameworksBuildPhase section */
		625F2D3225241244005F118C /* Frameworks */ = {
			isa = PBXFrameworksBuildPhase;
			buildActionMask = 2147483647;
			files = (
			);
			runOnlyForDeploymentPostprocessing = 0;
		};
/* End PBXFrameworksBuildPhase section */

/* Begin PBXGroup section */
		625F2D2C25241244005F118C = {
			isa = PBXGroup;
			children = (
				625F2D3725241244005F118C /* Cubstart-Shopping-List */,
				625F2D3625241244005F118C /* Products */,
			);
			sourceTree = "<group>";
		};
		625F2D3625241244005F118C /* Products */ = {
			isa = PBXGroup;
			children = (
				625F2D3525241244005F118C /* Cubstart-Shopping-List.app */,
			);
			name = Products;
			sourceTree = "<group>";
		};
		625F2D3725241244005F118C /* Cubstart-Shopping-List */ = {
			isa = PBXGroup;
			children = (
				625F2D3825241244005F118C /* AppDelegate.swift */,
				625F2D3A25241244005F118C /* SceneDelegate.swift */,
				625F2D3C25241244005F118C /* ViewController.swift */,
				62AE90112533FA1B00151909 /* ItemViewController.swift */,
				625F2D3E25241244005F118C /* Main.storyboard */,
				625F2D4125241248005F118C /* Assets.xcassets */,
				625F2D4325241248005F118C /* LaunchScreen.storyboard */,
				625F2D4625241248005F118C /* Info.plist */,
			);
			path = "Cubstart-Shopping-List";
			sourceTree = "<group>";
		};
/* End PBXGroup section */

/* Begin PBXNativeTarget section */
		625F2D3425241244005F118C /* Cubstart-Shopping-List */ = {
			isa = PBXNativeTarget;
			buildConfigurationList = 625F2D4925241248005F118C /* Build configuration list for PBXNativeTarget "Cubstart-Shopping-List" */;
			buildPhases = (
				625F2D3125241244005F118C /* Sources */,
				625F2D3225241244005F118C /* Frameworks */,
				625F2D3325241244005F118C /* Resources */,
			);
			buildRules = (
			);
			dependencies = (
			);
			name = "Cubstart-Shopping-List";
			productName = "Cubstart-Shopping-List";
			productReference = 625F2D3525241244005F118C /* Cubstart-Shopping-List.app */;
			productType = "com.apple.product-type.application";
		};
/* End PBXNativeTarget section */

/* Begin PBXProject section */
		625F2D2D25241244005F118C /* Project object */ = {
			isa = PBXProject;
			attributes = {
				LastSwiftUpdateCheck = 1170;
				LastUpgradeCheck = 1170;
				ORGANIZATIONNAME = "Alexandra Lu";
				TargetAttributes = {
					625F2D3425241244005F118C = {
						CreatedOnToolsVersion = 11.7;
					};
				};
			};
			buildConfigurationList = 625F2D3025241244005F118C /* Build configuration list for PBXProject "Cubstart-Shopping-List" */;
			compatibilityVersion = "Xcode 9.3";
			developmentRegion = en;
			hasScannedForEncodings = 0;
			knownRegions = (
				en,
				Base,
			);
			mainGroup = 625F2D2C25241244005F118C;
			productRefGroup = 625F2D3625241244005F118C /* Products */;
			projectDirPath = "";
			projectRoot = "";
			targets = (
				625F2D3425241244005F118C /* Cubstart-Shopping-List */,
			);
		};
/* End PBXProject section */

/* Begin PBXResourcesBuildPhase section */
		625F2D3325241244005F118C /* Resources */ = {
			isa = PBXResourcesBuildPhase;
			buildActionMask = 2147483647;
			files = (
				625F2D4525241248005F118C /* LaunchScreen.storyboard in Resources */,
				625F2D4225241248005F118C /* Assets.xcassets in Resources */,
				625F2D4025241244005F118C /* Main.storyboard in Resources */,
			);
			runOnlyForDeploymentPostprocessing = 0;
		};
/* End PBXResourcesBuildPhase section */

/* Begin PBXSourcesBuildPhase section */
		625F2D3125241244005F118C /* Sources */ = {
			isa = PBXSourcesBuildPhase;
			buildActionMask = 2147483647;
			files = (
				625F2D3D25241244005F118C /* ViewController.swift in Sources */,
				62AE90122533FA1B00151909 /* ItemViewController.swift in Sources */,
				625F2D3925241244005F118C /* AppDelegate.swift in Sources */,
				625F2D3B25241244005F118C /* SceneDelegate.swift in Sources */,
			);
			runOnlyForDeploymentPostprocessing = 0;
		};
/* End PBXSourcesBuildPhase section */

/* Begin PBXVariantGroup section */
		625F2D3E25241244005F118C /* Main.storyboard */ = {
			isa = PBXVariantGroup;
			children = (
				625F2D3F25241244005F118C /* Base */,
			);
			name = Main.storyboard;
			sourceTree = "<group>";
		};
		625F2D4325241248005F118C /* LaunchScreen.storyboard */ = {
			isa = PBXVariantGroup;
			children = (
				625F2D4425241248005F118C /* Base */,
			);
			name = LaunchScreen.storyboard;
			sourceTree = "<group>";
		};
/* End PBXVariantGroup section */

/* Begin XCBuildConfiguration section */
		625F2D4725241248005F118C /* Debug */ = {
			isa = XCBuildConfiguration;
			buildSettings = {
				ALWAYS_SEARCH_USER_PATHS = NO;
				CLANG_ANALYZER_NONNULL = YES;
				CLANG_ANALYZER_NUMBER_OBJECT_CONVERSION = YES_AGGRESSIVE;
				CLANG_CXX_LANGUAGE_STANDARD = "gnu++14";
				CLANG_CXX_LIBRARY = "libc++";
				CLANG_ENABLE_MODULES = YES;
				CLANG_ENABLE_OBJC_ARC = YES;
				CLANG_ENABLE_OBJC_WEAK = YES;
				CLANG_WARN_BLOCK_CAPTURE_AUTORELEASING = YES;
				CLANG_WARN_BOOL_CONVERSION = YES;
				CLANG_WARN_COMMA = YES;
				CLANG_WARN_CONSTANT_CONVERSION = YES;
				CLANG_WARN_DEPRECATED_OBJC_IMPLEMENTATIONS = YES;
				CLANG_WARN_DIRECT_OBJC_ISA_USAGE = YES_ERROR;
				CLANG_WARN_DOCUMENTATION_COMMENTS = YES;
				CLANG_WARN_EMPTY_BODY = YES;
				CLANG_WARN_ENUM_CONVERSION = YES;
				CLANG_WARN_INFINITE_RECURSION = YES;
				CLANG_WARN_INT_CONVERSION = YES;
				CLANG_WARN_NON_LITERAL_NULL_CONVERSION = YES;
				CLANG_WARN_OBJC_IMPLICIT_RETAIN_SELF = YES;
				CLANG_WARN_OBJC_LITERAL_CONVERSION = YES;
				CLANG_WARN_OBJC_ROOT_CLASS = YES_ERROR;
				CLANG_WARN_RANGE_LOOP_ANALYSIS = YES;
				CLANG_WARN_STRICT_PROTOTYPES = YES;
				CLANG_WARN_SUSPICIOUS_MOVE = YES;
				CLANG_WARN_UNGUARDED_AVAILABILITY = YES_AGGRESSIVE;
				CLANG_WARN_UNREACHABLE_CODE = YES;
				CLANG_WARN__DUPLICATE_METHOD_MATCH = YES;
				COPY_PHASE_STRIP = NO;
				DEBUG_INFORMATION_FORMAT = dwarf;
				ENABLE_STRICT_OBJC_MSGSEND = YES;
				ENABLE_TESTABILITY = YES;
				GCC_C_LANGUAGE_STANDARD = gnu11;
				GCC_DYNAMIC_NO_PIC = NO;
				GCC_NO_COMMON_BLOCKS = YES;
				GCC_OPTIMIZATION_LEVEL = 0;
				GCC_PREPROCESSOR_DEFINITIONS = (
					"DEBUG=1",
					"$(inherited)",
				);
				GCC_WARN_64_TO_32_BIT_CONVERSION = YES;
				GCC_WARN_ABOUT_RETURN_TYPE = YES_ERROR;
				GCC_WARN_UNDECLARED_SELECTOR = YES;
				GCC_WARN_UNINITIALIZED_AUTOS = YES_AGGRESSIVE;
				GCC_WARN_UNUSED_FUNCTION = YES;
				GCC_WARN_UNUSED_VARIABLE = YES;
				IPHONEOS_DEPLOYMENT_TARGET = 13.7;
				MTL_ENABLE_DEBUG_INFO = INCLUDE_SOURCE;
				MTL_FAST_MATH = YES;
				ONLY_ACTIVE_ARCH = YES;
				SDKROOT = iphoneos;
				SWIFT_ACTIVE_COMPILATION_CONDITIONS = DEBUG;
				SWIFT_OPTIMIZATION_LEVEL = "-Onone";
			};
			name = Debug;
		};
		625F2D4825241248005F118C /* Release */ = {
			isa = XCBuildConfiguration;
			buildSettings = {
				ALWAYS_SEARCH_USER_PATHS = NO;
				CLANG_ANALYZER_NONNULL = YES;
				CLANG_ANALYZER_NUMBER_OBJECT_CONVERSION = YES_AGGRESSIVE;
				CLANG_CXX_LANGUAGE_STANDARD = "gnu++14";
				CLANG_CXX_LIBRARY = "libc++";
				CLANG_ENABLE_MODULES = YES;
				CLANG_ENABLE_OBJC_ARC = YES;
				CLANG_ENABLE_OBJC_WEAK = YES;
				CLANG_WARN_BLOCK_CAPTURE_AUTORELEASING = YES;
				CLANG_WARN_BOOL_CONVERSION = YES;
				CLANG_WARN_COMMA = YES;
				CLANG_WARN_CONSTANT_CONVERSION = YES;
				CLANG_WARN_DEPRECATED_OBJC_IMPLEMENTATIONS = YES;
				CLANG_WARN_DIRECT_OBJC_ISA_USAGE = YES_ERROR;
				CLANG_WARN_DOCUMENTATION_COMMENTS = YES;
				CLANG_WARN_EMPTY_BODY = YES;
				CLANG_WARN_ENUM_CONVERSION = YES;
				CLANG_WARN_INFINITE_RECURSION = YES;
				CLANG_WARN_INT_CONVERSION = YES;
				CLANG_WARN_NON_LITERAL_NULL_CONVERSION = YES;
				CLANG_WARN_OBJC_IMPLICIT_RETAIN_SELF = YES;
				CLANG_WARN_OBJC_LITERAL_CONVERSION = YES;
				CLANG_WARN_OBJC_ROOT_CLASS = YES_ERROR;
				CLANG_WARN_RANGE_LOOP_ANALYSIS = YES;
				CLANG_WARN_STRICT_PROTOTYPES = YES;
				CLANG_WARN_SUSPICIOUS_MOVE = YES;
				CLANG_WARN_UNGUARDED_AVAILABILITY = YES_AGGRESSIVE;
				CLANG_WARN_UNREACHABLE_CODE = YES;
				CLANG_WARN__DUPLICATE_METHOD_MATCH = YES;
				COPY_PHASE_STRIP = NO;
				DEBUG_INFORMATION_FORMAT = "dwarf-with-dsym";
				ENABLE_NS_ASSERTIONS = NO;
				ENABLE_STRICT_OBJC_MSGSEND = YES;
				GCC_C_LANGUAGE_STANDARD = gnu11;
				GCC_NO_COMMON_BLOCKS = YES;
				GCC_WARN_64_TO_32_BIT_CONVERSION = YES;
				GCC_WARN_ABOUT_RETURN_TYPE = YES_ERROR;
				GCC_WARN_UNDECLARED_SELECTOR = YES;
				GCC_WARN_UNINITIALIZED_AUTOS = YES_AGGRESSIVE;
				GCC_WARN_UNUSED_FUNCTION = YES;
				GCC_WARN_UNUSED_VARIABLE = YES;
				IPHONEOS_DEPLOYMENT_TARGET = 13.7;
				MTL_ENABLE_DEBUG_INFO = NO;
				MTL_FAST_MATH = YES;
				SDKROOT = iphoneos;
				SWIFT_COMPILATION_MODE = wholemodule;
				SWIFT_OPTIMIZATION_LEVEL = "-O";
				VALIDATE_PRODUCT = YES;
			};
			name = Release;
		};
		625F2D4A25241248005F118C /* Debug */ = {
			isa = XCBuildConfiguration;
			buildSettings = {
				ASSETCATALOG_COMPILER_APPICON_NAME = AppIcon;
				CODE_SIGN_STYLE = Automatic;
				DEVELOPMENT_TEAM = NQZN2U2PUK;
				INFOPLIST_FILE = "Cubstart-Shopping-List/Info.plist";
				LD_RUNPATH_SEARCH_PATHS = (
					"$(inherited)",
					"@executable_path/Frameworks",
				);
				PRODUCT_BUNDLE_IDENTIFIER = "com.alexandralu.Cubstart-Shopping-List";
				PRODUCT_NAME = "$(TARGET_NAME)";
				SWIFT_VERSION = 5.0;
				TARGETED_DEVICE_FAMILY = "1,2";
			};
			name = Debug;
		};
		625F2D4B25241248005F118C /* Release */ = {
			isa = XCBuildConfiguration;
			buildSettings = {
				ASSETCATALOG_COMPILER_APPICON_NAME = AppIcon;
				CODE_SIGN_STYLE = Automatic;
				DEVELOPMENT_TEAM = NQZN2U2PUK;
				INFOPLIST_FILE = "Cubstart-Shopping-List/Info.plist";
				LD_RUNPATH_SEARCH_PATHS = (
					"$(inherited)",
					"@executable_path/Frameworks",
				);
				PRODUCT_BUNDLE_IDENTIFIER = "com.alexandralu.Cubstart-Shopping-List";
				PRODUCT_NAME = "$(TARGET_NAME)";
				SWIFT_VERSION = 5.0;
				TARGETED_DEVICE_FAMILY = "1,2";
			};
			name = Release;
		};
/* End XCBuildConfiguration section */

/* Begin XCConfigurationList section */
		625F2D3025241244005F118C /* Build configuration list for PBXProject "Cubstart-Shopping-List" */ = {
			isa = XCConfigurationList;
			buildConfigurations = (
				625F2D4725241248005F118C /* Debug */,
				625F2D4825241248005F118C /* Release */,
			);
			defaultConfigurationIsVisible = 0;
			defaultConfigurationName = Release;
		};
		625F2D4925241248005F118C /* Build configuration list for PBXNativeTarget "Cubstart-Shopping-List" */ = {
			isa = XCConfigurationList;
			buildConfigurations = (
				625F2D4A25241248005F118C /* Debug */,
				625F2D4B25241248005F118C /* Release */,
			);
			defaultConfigurationIsVisible = 0;
			defaultConfigurationName = Release;
		};
/* End XCConfigurationList section */
	};
	rootObject = 625F2D2D25241244005F118C /* Project object */;
}
